
Microsoft Visual Studio Solution File, Format Version 12.00
# Visual Studio Version 17
VisualStudioVersion = 17.9.34728.123
MinimumVisualStudioVersion = 10.0.40219.1
Project("{FAE04EC0-301F-11D3-BF4B-00C04F79EFBC}") = "todo-app", "todo-app\todo-app.csproj", "{B091CB49-06E4-4367-968A-F069C3ED0C79}"
EndProject
Global
	GlobalSection(SolutionConfigurationPlatforms) = preSolution
		Debug|Any CPU = Debug|Any CPU
		Release|Any CPU = Release|Any CPU
	EndGlobalSection
	GlobalSection(ProjectConfigurationPlatforms) = postSolution
		{B091CB49-06E4-4367-968A-F069C3ED0C79}.Debug|Any CPU.ActiveCfg = Debug|Any CPU
		{B091CB49-06E4-4367-968A-F069C3ED0C79}.Debug|Any CPU.Build.0 = Debug|Any CPU
		{B091CB49-06E4-4367-968A-F069C3ED0C79}.Release|Any CPU.ActiveCfg = Release|Any CPU
		{B091CB49-06E4-4367-968A-F069C3ED0C79}.Release|Any CPU.Build.0 = Release|Any CPU
	EndGlobalSection
	GlobalSection(SolutionProperties) = preSolution
		HideSolutionNode = FALSE
	EndGlobalSection
	GlobalSection(ExtensibilityGlobals) = postSolution
		SolutionGuid = {5A2EFF45-4FB2-4C7B-99B2-A7F5333EE067}
	EndGlobalSection
EndGlobal
